
Microsoft Visual Studio Solution File, Format Version 12.00
Project("{2150E333-8FDC-42A3-9474-1A3956D46DE8}") = "src", "src", "{5745EDD1-3663-4F28-BC20-9F2ADEBD64E1}"
EndProject
Project("{FAE04EC0-301F-11D3-BF4B-00C04F79EFBC}") = "Domain", "Domain\Domain.csproj", "{779BE01A-51BC-47A5-AC52-3FC55F779628}"
EndProject
Project("{FAE04EC0-301F-11D3-BF4B-00C04F79EFBC}") = "Application", "Application\Application.csproj", "{75378ACB-7132-4E3E-B213-096A48F272A9}"
EndProject
Project("{FAE04EC0-301F-11D3-BF4B-00C04F79EFBC}") = "Infrastructure", "Infrastructure\Infrastructure.csproj", "{35342DEC-3021-4F2D-9D58-121402C86DFB}"
EndProject
Project("{FAE04EC0-301F-11D3-BF4B-00C04F79EFBC}") = "Presentation", "Presentation\Presentation.csproj", "{17F33697-706A-4C71-8CCB-86189AF4C3CE}"
EndProject
Global
	GlobalSection(SolutionConfigurationPlatforms) = preSolution
		Debug|Any CPU = Debug|Any CPU
		Release|Any CPU = Release|Any CPU
	EndGlobalSection
	GlobalSection(NestedProjects) = preSolution
		{779BE01A-51BC-47A5-AC52-3FC55F779628} = {5745EDD1-3663-4F28-BC20-9F2ADEBD64E1}
		{75378ACB-7132-4E3E-B213-096A48F272A9} = {5745EDD1-3663-4F28-BC20-9F2ADEBD64E1}
		{35342DEC-3021-4F2D-9D58-121402C86DFB} = {5745EDD1-3663-4F28-BC20-9F2ADEBD64E1}
		{17F33697-706A-4C71-8CCB-86189AF4C3CE} = {5745EDD1-3663-4F28-BC20-9F2ADEBD64E1}
	EndGlobalSection
	GlobalSection(ProjectConfigurationPlatforms) = postSolution
		{779BE01A-51BC-47A5-AC52-3FC55F779628}.Debug|Any CPU.ActiveCfg = Debug|Any CPU
		{779BE01A-51BC-47A5-AC52-3FC55F779628}.Debug|Any CPU.Build.0 = Debug|Any CPU
		{779BE01A-51BC-47A5-AC52-3FC55F779628}.Release|Any CPU.ActiveCfg = Release|Any CPU
		{779BE01A-51BC-47A5-AC52-3FC55F779628}.Release|Any CPU.Build.0 = Release|Any CPU
		{75378ACB-7132-4E3E-B213-096A48F272A9}.Debug|Any CPU.ActiveCfg = Debug|Any CPU
		{75378ACB-7132-4E3E-B213-096A48F272A9}.Debug|Any CPU.Build.0 = Debug|Any CPU
		{75378ACB-7132-4E3E-B213-096A48F272A9}.Release|Any CPU.ActiveCfg = Release|Any CPU
		{75378ACB-7132-4E3E-B213-096A48F272A9}.Release|Any CPU.Build.0 = Release|Any CPU
		{35342DEC-3021-4F2D-9D58-121402C86DFB}.Debug|Any CPU.ActiveCfg = Debug|Any CPU
		{35342DEC-3021-4F2D-9D58-121402C86DFB}.Debug|Any CPU.Build.0 = Debug|Any CPU
		{35342DEC-3021-4F2D-9D58-121402C86DFB}.Release|Any CPU.ActiveCfg = Release|Any CPU
		{35342DEC-3021-4F2D-9D58-121402C86DFB}.Release|Any CPU.Build.0 = Release|Any CPU
		{17F33697-706A-4C71-8CCB-86189AF4C3CE}.Debug|Any CPU.ActiveCfg = Debug|Any CPU
		{17F33697-706A-4C71-8CCB-86189AF4C3CE}.Debug|Any CPU.Build.0 = Debug|Any CPU
		{17F33697-706A-4C71-8CCB-86189AF4C3CE}.Release|Any CPU.ActiveCfg = Release|Any CPU
		{17F33697-706A-4C71-8CCB-86189AF4C3CE}.Release|Any CPU.Build.0 = Release|Any CPU
	EndGlobalSection
EndGlobal
